
Microsoft Visual Studio Solution File, Format Version 12.00
# Visual Studio Version 17
VisualStudioVersion = 17.11.35219.272
MinimumVisualStudioVersion = 10.0.40219.1
Project("{FAE04EC0-301F-11D3-BF4B-00C04F79EFBC}") = "Hemuppgift_Arv_Temp", "Hemuppgift_Arv_Temp\Hemuppgift_Arv_Temp.csproj", "{768D8852-6119-4790-979D-E738F8DC0A11}"
EndProject
Global
	GlobalSection(SolutionConfigurationPlatforms) = preSolution
		Debug|Any CPU = Debug|Any CPU
		Release|Any CPU = Release|Any CPU
	EndGlobalSection
	GlobalSection(ProjectConfigurationPlatforms) = postSolution
		{768D8852-6119-4790-979D-E738F8DC0A11}.Debug|Any CPU.ActiveCfg = Debug|Any CPU
		{768D8852-6119-4790-979D-E738F8DC0A11}.Debug|Any CPU.Build.0 = Debug|Any CPU
		{768D8852-6119-4790-979D-E738F8DC0A11}.Release|Any CPU.ActiveCfg = Release|Any CPU
		{768D8852-6119-4790-979D-E738F8DC0A11}.Release|Any CPU.Build.0 = Release|Any CPU
	EndGlobalSection
	GlobalSection(SolutionProperties) = preSolution
		HideSolutionNode = FALSE
	EndGlobalSection
	GlobalSection(ExtensibilityGlobals) = postSolution
		SolutionGuid = {17872EDB-25E3-41A3-8EF6-CA01E8E43AB3}
	EndGlobalSection
EndGlobal
